// !$*UTF8*$!
{
	archiveVersion = 1;
	classes = {
	};
	objectVersion = 56;
	objects = {

/* Begin PBXBuildFile section */
		B00100000000000000000001 /* StrgApp.swift in Sources */ = {isa = PBXBuildFile; fileRef = B00200000000000000000001 /* StrgApp.swift */; };
		B00100000000000000000002 /* AppConfig.swift in Sources */ = {isa = PBXBuildFile; fileRef = B00200000000000000000002 /* AppConfig.swift */; };
		B00100000000000000000003 /* WorkoutSchema.swift in Sources */ = {isa = PBXBuildFile; fileRef = B00200000000000000000003 /* WorkoutSchema.swift */; };
		B00100000000000000000004 /* WorkoutSession.swift in Sources */ = {isa = PBXBuildFile; fileRef = B00200000000000000000004 /* WorkoutSession.swift */; };
		B00100000000000000000005 /* OnboardingPreferences.swift in Sources */ = {isa = PBXBuildFile; fileRef = B00200000000000000000005 /* OnboardingPreferences.swift */; };
		B00100000000000000000006 /* StrgAPIClient.swift in Sources */ = {isa = PBXBuildFile; fileRef = B00200000000000000000006 /* StrgAPIClient.swift */; };
		B00100000000000000000007 /* ContentView.swift in Sources */ = {isa = PBXBuildFile; fileRef = B00200000000000000000007 /* ContentView.swift */; };
		B00100000000000000000008 /* DesignSystem.swift in Sources */ = {isa = PBXBuildFile; fileRef = B00200000000000000000008 /* DesignSystem.swift */; };
		B00100000000000000000009 /* ScanTabView.swift in Sources */ = {isa = PBXBuildFile; fileRef = B00200000000000000000009 /* ScanTabView.swift */; };
		B0010000000000000000000A /* HistoryView.swift in Sources */ = {isa = PBXBuildFile; fileRef = B0020000000000000000000A /* HistoryView.swift */; };
		B0010000000000000000000B /* SessionDetailView.swift in Sources */ = {isa = PBXBuildFile; fileRef = B0020000000000000000000B /* SessionDetailView.swift */; };
		B0010000000000000000000C /* EditView.swift in Sources */ = {isa = PBXBuildFile; fileRef = B0020000000000000000000C /* EditView.swift */; };
		B0010000000000000000000D /* OnboardingView.swift in Sources */ = {isa = PBXBuildFile; fileRef = B0020000000000000000000D /* OnboardingView.swift */; };
		B0010000000000000000000E /* CameraController.swift in Sources */ = {isa = PBXBuildFile; fileRef = B0020000000000000000000E /* CameraController.swift */; };
		B0010000000000000000000F /* CameraPreviewView.swift in Sources */ = {isa = PBXBuildFile; fileRef = B0020000000000000000000F /* CameraPreviewView.swift */; };
		B00100000000000000000010 /* GlassTabBar.swift in Sources */ = {isa = PBXBuildFile; fileRef = B00200000000000000000010 /* GlassTabBar.swift */; };
		B00100000000000000000011 /* EntryCard.swift in Sources */ = {isa = PBXBuildFile; fileRef = B00200000000000000000011 /* EntryCard.swift */; };
		B00100000000000000000012 /* StrgBackground.swift in Sources */ = {isa = PBXBuildFile; fileRef = B00200000000000000000012 /* StrgBackground.swift */; };
		B00100000000000000000013 /* SpinnerView.swift in Sources */ = {isa = PBXBuildFile; fileRef = B00200000000000000000013 /* SpinnerView.swift */; };
		B00100000000000000000014 /* ViewfinderOverlay.swift in Sources */ = {isa = PBXBuildFile; fileRef = B00200000000000000000014 /* ViewfinderOverlay.swift */; };
		B00100000000000000000015 /* PulsingRing.swift in Sources */ = {isa = PBXBuildFile; fileRef = B00200000000000000000015 /* PulsingRing.swift */; };
		B00100000000000000000016 /* ViewfinderGlyph.swift in Sources */ = {isa = PBXBuildFile; fileRef = B00200000000000000000016 /* ViewfinderGlyph.swift */; };
		B00100000000000000000017 /* OnboardingComponents.swift in Sources */ = {isa = PBXBuildFile; fileRef = B00200000000000000000017 /* OnboardingComponents.swift */; };
		B00100000000000000000018 /* EditComponents.swift in Sources */ = {isa = PBXBuildFile; fileRef = B00200000000000000000018 /* EditComponents.swift */; };
		B00100000000000000000019 /* GlassModifiers.swift in Sources */ = {isa = PBXBuildFile; fileRef = B00200000000000000000019 /* GlassModifiers.swift */; };
		B0010000000000000000001A /* Typography.swift in Sources */ = {isa = PBXBuildFile; fileRef = B0020000000000000000001A /* Typography.swift */; };
/* End PBXBuildFile section */

/* Begin PBXFileReference section */
		B00200000000000000000001 /* StrgApp.swift */ = {isa = PBXFileReference; lastKnownFileType = sourcecode.swift; path = StrgApp.swift; sourceTree = "<group>"; };
		B00200000000000000000002 /* AppConfig.swift */ = {isa = PBXFileReference; lastKnownFileType = sourcecode.swift; path = AppConfig.swift; sourceTree = "<group>"; };
		B00200000000000000000003 /* WorkoutSchema.swift */ = {isa = PBXFileReference; lastKnownFileType = sourcecode.swift; path = WorkoutSchema.swift; sourceTree = "<group>"; };
		B00200000000000000000004 /* WorkoutSession.swift */ = {isa = PBXFileReference; lastKnownFileType = sourcecode.swift; path = WorkoutSession.swift; sourceTree = "<group>"; };
		B00200000000000000000005 /* OnboardingPreferences.swift */ = {isa = PBXFileReference; lastKnownFileType = sourcecode.swift; path = OnboardingPreferences.swift; sourceTree = "<group>"; };
		B00200000000000000000006 /* StrgAPIClient.swift */ = {isa = PBXFileReference; lastKnownFileType = sourcecode.swift; path = StrgAPIClient.swift; sourceTree = "<group>"; };
		B00200000000000000000007 /* ContentView.swift */ = {isa = PBXFileReference; lastKnownFileType = sourcecode.swift; path = ContentView.swift; sourceTree = "<group>"; };
		B00200000000000000000008 /* DesignSystem.swift */ = {isa = PBXFileReference; lastKnownFileType = sourcecode.swift; path = DesignSystem.swift; sourceTree = "<group>"; };
		B00200000000000000000009 /* ScanTabView.swift */ = {isa = PBXFileReference; lastKnownFileType = sourcecode.swift; path = ScanTabView.swift; sourceTree = "<group>"; };
		B0020000000000000000000A /* HistoryView.swift */ = {isa = PBXFileReference; lastKnownFileType = sourcecode.swift; path = HistoryView.swift; sourceTree = "<group>"; };
		B0020000000000000000000B /* SessionDetailView.swift */ = {isa = PBXFileReference; lastKnownFileType = sourcecode.swift; path = SessionDetailView.swift; sourceTree = "<group>"; };
		B0020000000000000000000C /* EditView.swift */ = {isa = PBXFileReference; lastKnownFileType = sourcecode.swift; path = EditView.swift; sourceTree = "<group>"; };
		B0020000000000000000000D /* OnboardingView.swift */ = {isa = PBXFileReference; lastKnownFileType = sourcecode.swift; path = OnboardingView.swift; sourceTree = "<group>"; };
		B0020000000000000000000E /* CameraController.swift */ = {isa = PBXFileReference; lastKnownFileType = sourcecode.swift; path = CameraController.swift; sourceTree = "<group>"; };
		B0020000000000000000000F /* CameraPreviewView.swift */ = {isa = PBXFileReference; lastKnownFileType = sourcecode.swift; path = CameraPreviewView.swift; sourceTree = "<group>"; };
		B00200000000000000000010 /* GlassTabBar.swift */ = {isa = PBXFileReference; lastKnownFileType = sourcecode.swift; path = GlassTabBar.swift; sourceTree = "<group>"; };
		B00200000000000000000011 /* EntryCard.swift */ = {isa = PBXFileReference; lastKnownFileType = sourcecode.swift; path = EntryCard.swift; sourceTree = "<group>"; };
		B00200000000000000000012 /* StrgBackground.swift */ = {isa = PBXFileReference; lastKnownFileType = sourcecode.swift; path = StrgBackground.swift; sourceTree = "<group>"; };
		B00200000000000000000013 /* SpinnerView.swift */ = {isa = PBXFileReference; lastKnownFileType = sourcecode.swift; path = SpinnerView.swift; sourceTree = "<group>"; };
		B00200000000000000000014 /* ViewfinderOverlay.swift */ = {isa = PBXFileReference; lastKnownFileType = sourcecode.swift; path = ViewfinderOverlay.swift; sourceTree = "<group>"; };
		B00200000000000000000015 /* PulsingRing.swift */ = {isa = PBXFileReference; lastKnownFileType = sourcecode.swift; path = PulsingRing.swift; sourceTree = "<group>"; };
		B00200000000000000000016 /* ViewfinderGlyph.swift */ = {isa = PBXFileReference; lastKnownFileType = sourcecode.swift; path = ViewfinderGlyph.swift; sourceTree = "<group>"; };
		B00200000000000000000017 /* OnboardingComponents.swift */ = {isa = PBXFileReference; lastKnownFileType = sourcecode.swift; path = OnboardingComponents.swift; sourceTree = "<group>"; };
		B00200000000000000000018 /* EditComponents.swift */ = {isa = PBXFileReference; lastKnownFileType = sourcecode.swift; path = EditComponents.swift; sourceTree = "<group>"; };
		B00200000000000000000019 /* GlassModifiers.swift */ = {isa = PBXFileReference; lastKnownFileType = sourcecode.swift; path = GlassModifiers.swift; sourceTree = "<group>"; };
		B0020000000000000000001A /* Typography.swift */ = {isa = PBXFileReference; lastKnownFileType = sourcecode.swift; path = Typography.swift; sourceTree = "<group>"; };
		B0020000000000000000001B /* strg-ios.app */ = {isa = PBXFileReference; explicitFileType = wrapper.application; includeInIndex = 0; path = "strg-ios.app"; sourceTree = BUILT_PRODUCTS_DIR; };
/* End PBXFileReference section */

/* Begin PBXGroup section */
		B00300000000000000000001 = {
			isa = PBXGroup;
			children = (
				B00300000000000000000002 /* strg-ios */,
				B00300000000000000000003 /* Products */,
			);
			sourceTree = "<group>";
		};
		B00300000000000000000002 /* strg-ios */ = {
			isa = PBXGroup;
			children = (
				B00200000000000000000001 /* StrgApp.swift */,
				B00200000000000000000002 /* AppConfig.swift */,
				B00300000000000000000004 /* Models */,
				B00300000000000000000005 /* Networking */,
				B00300000000000000000006 /* Views */,
			);
			name = "strg-ios";
			path = "strg-ios/strg-ios";
			sourceTree = SOURCE_ROOT;
		};
		B00300000000000000000003 /* Products */ = {
			isa = PBXGroup;
			children = (
				B0020000000000000000001B /* strg-ios.app */,
			);
			name = Products;
			sourceTree = "<group>";
		};
		B00300000000000000000004 /* Models */ = {
			isa = PBXGroup;
			children = (
				B00200000000000000000003 /* WorkoutSchema.swift */,
				B00200000000000000000004 /* WorkoutSession.swift */,
				B00200000000000000000005 /* OnboardingPreferences.swift */,
			);
			path = Models;
			sourceTree = "<group>";
		};
		B00300000000000000000005 /* Networking */ = {
			isa = PBXGroup;
			children = (
				B00200000000000000000006 /* StrgAPIClient.swift */,
			);
			path = Networking;
			sourceTree = "<group>";
		};
		B00300000000000000000006 /* Views */ = {
			isa = PBXGroup;
			children = (
				B00200000000000000000007 /* ContentView.swift */,
				B00200000000000000000008 /* DesignSystem.swift */,
				B00200000000000000000009 /* ScanTabView.swift */,
				B0020000000000000000000A /* HistoryView.swift */,
				B0020000000000000000000B /* SessionDetailView.swift */,
				B0020000000000000000000C /* EditView.swift */,
				B0020000000000000000000D /* OnboardingView.swift */,
				B00300000000000000000007 /* Camera */,
				B00300000000000000000008 /* Components */,
				B00300000000000000000009 /* DesignSystem */,
			);
			path = Views;
			sourceTree = "<group>";
		};
		B00300000000000000000007 /* Camera */ = {
			isa = PBXGroup;
			children = (
				B0020000000000000000000E /* CameraController.swift */,
				B0020000000000000000000F /* CameraPreviewView.swift */,
			);
			path = Camera;
			sourceTree = "<group>";
		};
		B00300000000000000000008 /* Components */ = {
			isa = PBXGroup;
			children = (
				B00200000000000000000010 /* GlassTabBar.swift */,
				B00200000000000000000011 /* EntryCard.swift */,
				B00200000000000000000012 /* StrgBackground.swift */,
				B00200000000000000000013 /* SpinnerView.swift */,
				B00200000000000000000014 /* ViewfinderOverlay.swift */,
				B00200000000000000000015 /* PulsingRing.swift */,
				B00200000000000000000016 /* ViewfinderGlyph.swift */,
				B00200000000000000000017 /* OnboardingComponents.swift */,
				B00200000000000000000018 /* EditComponents.swift */,
			);
			path = Components;
			sourceTree = "<group>";
		};
		B00300000000000000000009 /* DesignSystem */ = {
			isa = PBXGroup;
			children = (
				B00200000000000000000019 /* GlassModifiers.swift */,
				B0020000000000000000001A /* Typography.swift */,
			);
			path = DesignSystem;
			sourceTree = "<group>";
		};
/* End PBXGroup section */

/* Begin PBXNativeTarget section */
		B00400000000000000000001 /* strg-ios */ = {
			isa = PBXNativeTarget;
			buildConfigurationList = B00600000000000000000001 /* Build configuration list for PBXNativeTarget "strg-ios" */;
			buildPhases = (
				B00500000000000000000001 /* Sources */,
				B00500000000000000000002 /* Resources */,
			);
			buildRules = (
			);
			dependencies = (
			);
			name = "strg-ios";
			productName = "strg-ios";
			productReference = B0020000000000000000001B /* strg-ios.app */;
			productType = "com.apple.product-type.application";
		};
/* End PBXNativeTarget section */

/* Begin PBXProject section */
		B00400000000000000000002 /* Project object */ = {
			isa = PBXProject;
			attributes = {
			};
			buildConfigurationList = B00600000000000000000002 /* Build configuration list for PBXProject "strg-ios" */;
			compatibilityVersion = "Xcode 14.0";
			developmentRegion = en;
			hasScannedForEncodings = 0;
			knownRegions = (
				en,
				Base,
			);
			mainGroup = B00300000000000000000001;
			productRefGroup = B00300000000000000000003 /* Products */;
			projectDirPath = "";
			projectRoot = "";
			targets = (
				B00400000000000000000001 /* strg-ios */,
			);
		};
/* End PBXProject section */

/* Begin PBXResourcesBuildPhase section */
		B00500000000000000000002 /* Resources */ = {
			isa = PBXResourcesBuildPhase;
			buildActionMask = 2147483647;
			files = (
			);
			runOnlyForDeploymentPostprocessing = 0;
		};
/* End PBXResourcesBuildPhase section */

/* Begin PBXSourcesBuildPhase section */
		B00500000000000000000001 /* Sources */ = {
			isa = PBXSourcesBuildPhase;
			buildActionMask = 2147483647;
			files = (
				B00100000000000000000001 /* StrgApp.swift in Sources */,
				B00100000000000000000002 /* AppConfig.swift in Sources */,
				B00100000000000000000003 /* WorkoutSchema.swift in Sources */,
				B00100000000000000000004 /* WorkoutSession.swift in Sources */,
				B00100000000000000000005 /* OnboardingPreferences.swift in Sources */,
				B00100000000000000000006 /* StrgAPIClient.swift in Sources */,
				B00100000000000000000007 /* ContentView.swift in Sources */,
				B00100000000000000000008 /* DesignSystem.swift in Sources */,
				B00100000000000000000009 /* ScanTabView.swift in Sources */,
				B0010000000000000000000A /* HistoryView.swift in Sources */,
				B0010000000000000000000B /* SessionDetailView.swift in Sources */,
				B0010000000000000000000C /* EditView.swift in Sources */,
				B0010000000000000000000D /* OnboardingView.swift in Sources */,
				B0010000000000000000000E /* CameraController.swift in Sources */,
				B0010000000000000000000F /* CameraPreviewView.swift in Sources */,
				B00100000000000000000010 /* GlassTabBar.swift in Sources */,
				B00100000000000000000011 /* EntryCard.swift in Sources */,
				B00100000000000000000012 /* StrgBackground.swift in Sources */,
				B00100000000000000000013 /* SpinnerView.swift in Sources */,
				B00100000000000000000014 /* ViewfinderOverlay.swift in Sources */,
				B00100000000000000000015 /* PulsingRing.swift in Sources */,
				B00100000000000000000016 /* ViewfinderGlyph.swift in Sources */,
				B00100000000000000000017 /* OnboardingComponents.swift in Sources */,
				B00100000000000000000018 /* EditComponents.swift in Sources */,
				B00100000000000000000019 /* GlassModifiers.swift in Sources */,
				B0010000000000000000001A /* Typography.swift in Sources */,
			);
			runOnlyForDeploymentPostprocessing = 0;
		};
/* End PBXSourcesBuildPhase section */

/* Begin XCBuildConfiguration section */
		B00700000000000000000001 /* Release */ = {
			isa = XCBuildConfiguration;
			buildSettings = {
				IPHONEOS_DEPLOYMENT_TARGET = 17.0;
				SDKROOT = iphoneos;
				SWIFT_VERSION = 5.0;
			};
			name = Release;
		};
		B00700000000000000000002 /* Debug */ = {
			isa = XCBuildConfiguration;
			buildSettings = {
				CODE_SIGN_STYLE = Automatic;
				CURRENT_PROJECT_VERSION = 1;
				DEVELOPMENT_TEAM = DW533WG57T;
				INFOPLIST_FILE = "strg-ios/strg-ios/Resources/Info.plist";
				INFOPLIST_KEY_UIApplicationSceneManifest_Generation = YES;
				INFOPLIST_KEY_UILaunchScreen_Generation = YES;
				INFOPLIST_KEY_UISupportedInterfaceOrientations = UIInterfaceOrientationPortrait;
				IPHONEOS_DEPLOYMENT_TARGET = 17.0;
				LD_RUNPATH_SEARCH_PATHS = (
					"$(inherited)",
					"@executable_path/Frameworks",
				);
				MARKETING_VERSION = 1.0;
				PRODUCT_BUNDLE_IDENTIFIER = com.humphreyahn.strg;
				PRODUCT_NAME = "strg-ios";
				SWIFT_VERSION = 5.0;
				TARGETED_DEVICE_FAMILY = "1,2";
			};
			name = Debug;
		};
		B00700000000000000000003 /* Debug */ = {
			isa = XCBuildConfiguration;
			buildSettings = {
				IPHONEOS_DEPLOYMENT_TARGET = 17.0;
				SDKROOT = iphoneos;
				SWIFT_VERSION = 5.0;
			};
			name = Debug;
		};
		B00700000000000000000004 /* Release */ = {
			isa = XCBuildConfiguration;
			buildSettings = {
				CODE_SIGN_STYLE = Automatic;
				CURRENT_PROJECT_VERSION = 1;
				DEVELOPMENT_TEAM = DW533WG57T;
				INFOPLIST_FILE = "strg-ios/strg-ios/Resources/Info.plist";
				INFOPLIST_KEY_UIApplicationSceneManifest_Generation = YES;
				INFOPLIST_KEY_UILaunchScreen_Generation = YES;
				INFOPLIST_KEY_UISupportedInterfaceOrientations = UIInterfaceOrientationPortrait;
				IPHONEOS_DEPLOYMENT_TARGET = 17.0;
				LD_RUNPATH_SEARCH_PATHS = (
					"$(inherited)",
					"@executable_path/Frameworks",
				);
				MARKETING_VERSION = 1.0;
				PRODUCT_BUNDLE_IDENTIFIER = com.humphreyahn.strg;
				PRODUCT_NAME = "strg-ios";
				SWIFT_VERSION = 5.0;
				TARGETED_DEVICE_FAMILY = "1,2";
			};
			name = Release;
		};
/* End XCBuildConfiguration section */

/* Begin XCConfigurationList section */
		B00600000000000000000002 /* Build configuration list for PBXProject "strg-ios" */ = {
			isa = XCConfigurationList;
			buildConfigurations = (
				B00700000000000000000003 /* Debug */,
				B00700000000000000000001 /* Release */,
			);
			defaultConfigurationIsVisible = 0;
			defaultConfigurationName = Release;
		};
		B00600000000000000000001 /* Build configuration list for PBXNativeTarget "strg-ios" */ = {
			isa = XCConfigurationList;
			buildConfigurations = (
				B00700000000000000000002 /* Debug */,
				B00700000000000000000004 /* Release */,
			);
			defaultConfigurationIsVisible = 0;
			defaultConfigurationName = Release;
		};
/* End XCConfigurationList section */
	};
	rootObject = B00400000000000000000002 /* Project object */;
}
